{
  "markbot": "74f6f576f464d434207c39587f4cb3f5c63e715057a84a94a88cd32c70cfa524",
  "markbotignore": "030a4e6e1b3b6b510514a7ae54576e2c2ef762d56236c6414ef634955d96a126",
  "index-320.png": "74fc40a7b8dc80976a7ec9a47ff8810b476ccdec8a1da3b48efddd4cf636e722",
  "index-400.png": "8c695f72f9ecb71040c251849b2af37af4a6693de0dfd3637953d6ba05cba0ab",
  "index-608.png": "3c8e6170c4c36b4d56c54da60ddd879f35f8d4feac3ca1f831c08121fba6318c",
  "index-960.png": "597293aee709909118f338081062dcc9f735b927750515c61af688d63b16ea3b",
  "index-1440.png": "b606a60179c6207a8be8fa777fb82a982b632ab68b64603138b0779bd7a8e772"
}