{
  "markbot": "467daf236f3caa6d5dfac0441a330d9837cf1c5325693f269806e5d961767304",
  "markbotignore": "030a4e6e1b3b6b510514a7ae54576e2c2ef762d56236c6414ef634955d96a126",
  "index-320.png": "914f60fa6a7143a86b1192baaeeb1aa19ca7d056c749d01d03187ddd873d00eb",
  "index-608.png": "d7b4a20300c428e148796a4528b93e214845921662b0b0da787cefdf68c513e2",
  "index-1440.png": "b12edb307bc14e8a942b9d78e1293ac2a45417d27cffa4329d52549e9fee9dec"
}